
Microsoft Visual Studio Solution File, Format Version 12.00
# Visual Studio Version 17
VisualStudioVersion = 17.4.33205.214
MinimumVisualStudioVersion = 10.0.40219.1
Project("{9A19103F-16F7-4668-BE54-9A1E7A4F7556}") = "Aziz Emlak", "Aziz Emlak\Aziz Emlak.csproj", "{0CC4A7EA-B9B5-40CE-AEB2-6CCC734604A3}"
EndProject
Global
	GlobalSection(SolutionConfigurationPlatforms) = preSolution
		Debug|Any CPU = Debug|Any CPU
		Release|Any CPU = Release|Any CPU
	EndGlobalSection
	GlobalSection(ProjectConfigurationPlatforms) = postSolution
		{0CC4A7EA-B9B5-40CE-AEB2-6CCC734604A3}.Debug|Any CPU.ActiveCfg = Debug|Any CPU
		{0CC4A7EA-B9B5-40CE-AEB2-6CCC734604A3}.Debug|Any CPU.Build.0 = Debug|Any CPU
		{0CC4A7EA-B9B5-40CE-AEB2-6CCC734604A3}.Release|Any CPU.ActiveCfg = Release|Any CPU
		{0CC4A7EA-B9B5-40CE-AEB2-6CCC734604A3}.Release|Any CPU.Build.0 = Release|Any CPU
	EndGlobalSection
	GlobalSection(SolutionProperties) = preSolution
		HideSolutionNode = FALSE
	EndGlobalSection
	GlobalSection(ExtensibilityGlobals) = postSolution
		SolutionGuid = {89FBB051-E2CE-4B8D-9E94-E059239ACD1C}
	EndGlobalSection
EndGlobal
